Microsoft Visual Studio Solution File, Format Version 12.00
# Visual Studio Version 17
VisualStudioVersion = 17.5.2.0
MinimumVisualStudioVersion = 10.0.40219.1
Project("{FAE04EC0-301F-11D3-BF4B-00C04F79EFBC}") = "MiniGolf", "MiniGolf.csproj", "{81CD2E72-D66E-CEC0-2D2B-6197F4E0F84F}"
EndProject
Global
	GlobalSection(SolutionConfigurationPlatforms) = preSolution
		Debug|Any CPU = Debug|Any CPU
		Release|Any CPU = Release|Any CPU
	EndGlobalSection
	GlobalSection(ProjectConfigurationPlatforms) = postSolution
		{81CD2E72-D66E-CEC0-2D2B-6197F4E0F84F}.Debug|Any CPU.ActiveCfg = Debug|Any CPU
		{81CD2E72-D66E-CEC0-2D2B-6197F4E0F84F}.Debug|Any CPU.Build.0 = Debug|Any CPU
		{81CD2E72-D66E-CEC0-2D2B-6197F4E0F84F}.Release|Any CPU.ActiveCfg = Release|Any CPU
		{81CD2E72-D66E-CEC0-2D2B-6197F4E0F84F}.Release|Any CPU.Build.0 = Release|Any CPU
	EndGlobalSection
	GlobalSection(SolutionProperties) = preSolution
		HideSolutionNode = FALSE
	EndGlobalSection
	GlobalSection(ExtensibilityGlobals) = postSolution
		SolutionGuid = {A0382F4E-CDBF-4088-A3B2-E4368BC9FB55}
	EndGlobalSection
EndGlobal
